{
  "lockfile_version": "1",
  "packages": {
    "brotli@latest": {
      "last_modified": "2024-03-23T13:32:18Z",
      "resolved": "github:NixOS/nixpkgs/20bc93ca7b2158ebc99b8cef987a2173a81cde35#brotli",
      "source": "devbox-search",
      "version": "1.1.0",
      "systems": {
        "aarch64-darwin": {
          "store_path": "/nix/store/5s0dl5cinm0hp1dfwyljm60hajfwh0q4-brotli-1.1.0"
        },
        "aarch64-linux": {
          "store_path": "/nix/store/ngq0fcgblprwxp0iqrgbm2ch97k08n3g-brotli-1.1.0"
        },
        "x86_64-darwin": {
          "store_path": "/nix/store/fbp9mwhzyg65ljnxikgwq872hirfdjfg-brotli-1.1.0"
        },
        "x86_64-linux": {
          "store_path": "/nix/store/0hfcipn4r1w0iw7z9r2qzssdq4iacqsw-brotli-1.1.0"
        }
      }
    },
    "caddy@latest": {
      "last_modified": "2024-01-14T03:55:27Z",
      "resolved": "github:NixOS/nixpkgs/dd5621df6dcb90122b50da5ec31c411a0de3e538#caddy",
      "source": "devbox-search",
      "version": "2.7.6",
      "systems": {
        "aarch64-darwin": {
          "store_path": "/nix/store/ga0yp1ki5fmk0p6b4kn2z9qq7ddpbyyw-caddy-2.7.6"
        },
        "aarch64-linux": {
          "store_path": "/nix/store/jn3wbc0cgblkgd6phygq1wgk6j65w2aa-caddy-2.7.6"
        },
        "x86_64-darwin": {
          "store_path": "/nix/store/np97d9737d386qkj4brj10b0s2468n8a-caddy-2.7.6"
        },
        "x86_64-linux": {
          "store_path": "/nix/store/7aiga3m93g0j4anmvv6svk2kfvxyl6cd-caddy-2.7.6"
        }
      }
    },
    "dart-sass@latest": {
      "last_modified": "2024-01-22T00:24:37Z",
      "resolved": "github:NixOS/nixpkgs/5f5210aa20e343b7e35f40c033000db0ef80d7b9#dart-sass",
      "source": "devbox-search",
      "version": "1.70.0",
      "systems": {
        "aarch64-darwin": {
          "store_path": "/nix/store/z2z0vfhvkh1gwa2rqxib7kx6czkfc215-dart-sass-1.70.0"
        },
        "aarch64-linux": {
          "store_path": "/nix/store/j6gxz7mzlggkmz425xv8cz7j37b4ya3x-dart-sass-1.70.0"
        },
        "x86_64-darwin": {
          "store_path": "/nix/store/vm6lrv5mbp5wbz1hz2rrl1h26y37bfz5-dart-sass-1.70.0"
        },
        "x86_64-linux": {
          "store_path": "/nix/store/pl06vzvidgs2fq3nlc3mcww4rk7hxzj7-dart-sass-1.70.0"
        }
      }
    },
    "elmPackages.elm-format@latest": {
      "last_modified": "2024-01-14T03:55:27Z",
      "resolved": "github:NixOS/nixpkgs/dd5621df6dcb90122b50da5ec31c411a0de3e538#elmPackages.elm-format",
      "source": "devbox-search",
      "version": "0.8.7",
      "systems": {
        "aarch64-darwin": {
          "store_path": "/nix/store/jxwbaqaz32ip1cn79wxg9yrxygwagpkw-elm-format-0.8.7"
        },
        "aarch64-linux": {
          "store_path": "/nix/store/6cxqgmgs89q8nb8zv334yh1mw2l54fkp-elm-format-0.8.7"
        },
        "x86_64-darwin": {
          "store_path": "/nix/store/dpd24zp39d7wvzxnp49pjx1aj1j0kd46-elm-format-0.8.7"
        },
        "x86_64-linux": {
          "store_path": "/nix/store/m21pw7rf5yw26iixd0jsilj05lr6nk1l-elm-format-0.8.7"
        }
      }
    },
    "elmPackages.elm-optimize-level-2@latest": {
      "last_modified": "2024-03-22T11:26:23Z",
      "resolved": "github:NixOS/nixpkgs/a3ed7406349a9335cb4c2a71369b697cecd9d351#elmPackages.elm-optimize-level-2",
      "source": "devbox-search",
      "version": "2-0.3.5",
      "systems": {
        "aarch64-darwin": {
          "store_path": "/nix/store/2gdvhzz52p8k4ixahkr1x4m6a0ydpczg-elm-optimize-level-2-0.3.5"
        },
        "aarch64-linux": {
          "store_path": "/nix/store/3pb8nw9d4jb8ls8kxik5bham5hyr6s6c-elm-optimize-level-2-0.3.5"
        },
        "x86_64-darwin": {
          "store_path": "/nix/store/jrhxqbf5zddzv8gr1i95nb15gg7pqnb0-elm-optimize-level-2-0.3.5"
        },
        "x86_64-linux": {
          "store_path": "/nix/store/y7afjcx2kmsgfs5asbilsqflranjzv0y-elm-optimize-level-2-0.3.5"
        }
      }
    },
    "elmPackages.elm-review@latest": {
      "last_modified": "2024-03-22T11:26:23Z",
      "resolved": "github:NixOS/nixpkgs/a3ed7406349a9335cb4c2a71369b697cecd9d351#elmPackages.elm-review",
      "source": "devbox-search",
      "version": "2.10.3",
      "systems": {
        "aarch64-darwin": {
          "store_path": "/nix/store/kmvc8gwhncaicdmjd14m256xirbj6ral-elm-review-2.10.3"
        },
        "aarch64-linux": {
          "store_path": "/nix/store/byvnlhb8vv2gasd3m8knfgc5bf02rhz3-elm-review-2.10.3"
        },
        "x86_64-darwin": {
          "store_path": "/nix/store/ppaki6fvpv7bfxs67b3n0aq0wpwlngjh-elm-review-2.10.3"
        },
        "x86_64-linux": {
          "store_path": "/nix/store/a1q2mir5qps5hf0ka5xc2krjc0m2bdb2-elm-review-2.10.3"
        }
      }
    },
    "elmPackages.elm-test@latest": {
      "last_modified": "2024-03-22T11:26:23Z",
      "resolved": "github:NixOS/nixpkgs/a3ed7406349a9335cb4c2a71369b697cecd9d351#elmPackages.elm-test",
      "source": "devbox-search",
      "version": "0.19.1-revision12",
      "systems": {
        "aarch64-darwin": {
          "store_path": "/nix/store/gdvw2spfbcjnhxsnzc4wzcxkqkk3bjwh-elm-test-0.19.1-revision12"
        },
        "aarch64-linux": {
          "store_path": "/nix/store/c8phg36yszqxqz9a5f7c1ws56dc3g8q9-elm-test-0.19.1-revision12"
        },
        "x86_64-darwin": {
          "store_path": "/nix/store/1y9x52dlqg33adjv15qgz7ppirlgb582-elm-test-0.19.1-revision12"
        },
        "x86_64-linux": {
          "store_path": "/nix/store/76z13zicvs8d694x4r6x1zcnqfgyw9kd-elm-test-0.19.1-revision12"
        }
      }
    },
    "elmPackages.elm@latest": {
      "last_modified": "2024-01-24T16:15:02Z",
      "resolved": "github:NixOS/nixpkgs/5cd2baa57a9ff2d84f2615700434fa04f3067fdb#elmPackages.elm",
      "source": "devbox-search",
      "version": "0.19.1",
      "systems": {
        "aarch64-darwin": {
          "store_path": "/nix/store/2niw4wpayiwqnpbj7b4psbqwfa5rnhx6-elm-0.19.1"
        },
        "aarch64-linux": {
          "store_path": "/nix/store/slg5z39lw1pwqh6hzbgny3phzzhlg6sj-elm-0.19.1"
        },
        "x86_64-darwin": {
          "store_path": "/nix/store/kgjsnxm2lh3hilmphjip3w7x5k0aahsi-elm-0.19.1"
        },
        "x86_64-linux": {
          "store_path": "/nix/store/3mvsfkip32mffgis5yjdb6vzib9p0ccv-elm-0.19.1"
        }
      }
    },
    "github:NixOS/nixpkgs/nixpkgs-unstable": {
      "last_modified": "2026-01-30T02:32:49Z",
      "resolved": "github:NixOS/nixpkgs/6308c3b21396534d8aaeac46179c14c439a89b8a?lastModified=1769740369&narHash=sha256-xKPyJoMoXfXpDM5DFDZDsi9PHArf2k5BJjvReYXoFpM%3D"
    },
    "html-minifier@latest": {
      "last_modified": "2024-03-22T11:26:23Z",
      "resolved": "github:NixOS/nixpkgs/a3ed7406349a9335cb4c2a71369b697cecd9d351#html-minifier",
      "source": "devbox-search",
      "version": "4.0.0",
      "systems": {
        "aarch64-darwin": {
          "store_path": "/nix/store/f8fzrfbs2l6jyz1wyk7n1q8nqr37bqjp-html-minifier-4.0.0"
        },
        "aarch64-linux": {
          "store_path": "/nix/store/3yfmr0ll0ak6flnjf562ginag978nqwy-html-minifier-4.0.0"
        },
        "x86_64-darwin": {
          "store_path": "/nix/store/ixgnz0shq2qcbxw3kspafan051r0sxd9-html-minifier-4.0.0"
        },
        "x86_64-linux": {
          "store_path": "/nix/store/i0mw85h0xaa90lgfav8ciy9453v5c9rn-html-minifier-4.0.0"
        }
      }
    },
    "optipng@latest": {
      "last_modified": "2024-03-22T11:26:23Z",
      "resolved": "github:NixOS/nixpkgs/a3ed7406349a9335cb4c2a71369b697cecd9d351#optipng",
      "source": "devbox-search",
      "version": "0.7.8",
      "systems": {
        "aarch64-darwin": {
          "store_path": "/nix/store/m8zl06csfg6f7gw23pxhjmj8wd40ispb-optipng-0.7.8"
        },
        "aarch64-linux": {
          "store_path": "/nix/store/zcsps41qyfd1c77fwr3adqkiara3z4cr-optipng-0.7.8"
        },
        "x86_64-darwin": {
          "store_path": "/nix/store/17gzd8wq36q7ykm84l04q5bvrwidcprq-optipng-0.7.8"
        },
        "x86_64-linux": {
          "store_path": "/nix/store/7sbgvq29mklfzyzbphygwzkbrclvfd0y-optipng-0.7.8"
        }
      }
    },
    "shellcheck@latest": {
      "last_modified": "2024-01-14T03:55:27Z",
      "resolved": "github:NixOS/nixpkgs/dd5621df6dcb90122b50da5ec31c411a0de3e538#shellcheck",
      "source": "devbox-search",
      "version": "0.9.0",
      "systems": {
        "aarch64-darwin": {
          "store_path": "/nix/store/xjm5y4q4zaj0gyf6k2z57yarsp5w8z59-shellcheck-0.9.0-bin"
        },
        "aarch64-linux": {
          "store_path": "/nix/store/bx6lmqqpnzi2xbxvfr7h82znmz7ac22x-shellcheck-0.9.0-bin"
        },
        "x86_64-darwin": {
          "store_path": "/nix/store/j671frzdqmh6yrdc4s08hlk8qn7kzyn7-shellcheck-0.9.0-bin"
        },
        "x86_64-linux": {
          "store_path": "/nix/store/jqs1qy9i4yl32bcyp278spwqv297ni7l-shellcheck-0.9.0-bin"
        }
      }
    },
    "terser@latest": {
      "last_modified": "2024-03-23T13:32:18Z",
      "resolved": "github:NixOS/nixpkgs/20bc93ca7b2158ebc99b8cef987a2173a81cde35#terser",
      "source": "devbox-search",
      "version": "5.29.2",
      "systems": {
        "aarch64-darwin": {
          "store_path": "/nix/store/jv8v38hcvfp6l658jlc1kfgzhvm2kayf-terser-5.29.2"
        },
        "aarch64-linux": {
          "store_path": "/nix/store/lajag4zmg59qn70sg0rv4ildb7gm34w2-terser-5.29.2"
        },
        "x86_64-darwin": {
          "store_path": "/nix/store/z1hib3ic5775jm5jahj3nrrq4sfy9g28-terser-5.29.2"
        },
        "x86_64-linux": {
          "store_path": "/nix/store/4r6b6kyc5c0ksx24q116rd0r3qm9j1ww-terser-5.29.2"
        }
      }
    },
    "xdg-utils@latest": {
      "last_modified": "2024-01-14T03:55:27Z",
      "resolved": "github:NixOS/nixpkgs/dd5621df6dcb90122b50da5ec31c411a0de3e538#xdg-utils",
      "source": "devbox-search",
      "version": "2022-11-06",
      "systems": {
        "aarch64-darwin": {
          "store_path": "/nix/store/rr0d4jz50z74y2ivvcfi9pzf0wam1pk1-xdg-utils-unstable-2022-11-06"
        },
        "aarch64-linux": {
          "store_path": "/nix/store/mr5v35ygclb81wpn9mmjpssl4jgqz1k4-xdg-utils-unstable-2022-11-06"
        },
        "x86_64-darwin": {
          "store_path": "/nix/store/ff422i0b4in5ljnm5j15a96awqgcn991-xdg-utils-unstable-2022-11-06"
        },
        "x86_64-linux": {
          "store_path": "/nix/store/51jay5z2f95972gyidah3zc4wpzsn957-xdg-utils-unstable-2022-11-06"
        }
      }
    },
    "zopfli@latest": {
      "last_modified": "2024-03-22T11:26:23Z",
      "resolved": "github:NixOS/nixpkgs/a3ed7406349a9335cb4c2a71369b697cecd9d351#zopfli",
      "source": "devbox-search",
      "version": "1.0.3",
      "systems": {
        "aarch64-darwin": {
          "store_path": "/nix/store/25mamx1kyfqgl1bkdmfglnx16yphi1hr-zopfli-1.0.3"
        },
        "aarch64-linux": {
          "store_path": "/nix/store/7hx0wak34ban70i1xfqb29qijfhviamn-zopfli-1.0.3"
        },
        "x86_64-darwin": {
          "store_path": "/nix/store/zslaf6874z1xfh40p6z0xq6nm47rkyjv-zopfli-1.0.3"
        },
        "x86_64-linux": {
          "store_path": "/nix/store/b3ng0d1013d4a2g7yygdp4886y1k4hpx-zopfli-1.0.3"
        }
      }
    }
  }
}
